
Microsoft Visual Studio Solution File, Format Version 12.00
# Visual Studio Version 17
VisualStudioVersion = 17.9.34622.214
MinimumVisualStudioVersion = 10.0.40219.1
Project("{FAE04EC0-301F-11D3-BF4B-00C04F79EFBC}") = "Calculator1", "Calculator1\Calculator1.csproj", "{42EAD80B-16F5-42F4-AA44-BE5232F91A3D}"
EndProject
Global
	GlobalSection(SolutionConfigurationPlatforms) = preSolution
		Debug|Any CPU = Debug|Any CPU
		Release|Any CPU = Release|Any CPU
	EndGlobalSection
	GlobalSection(ProjectConfigurationPlatforms) = postSolution
		{42EAD80B-16F5-42F4-AA44-BE5232F91A3D}.Debug|Any CPU.ActiveCfg = Debug|Any CPU
		{42EAD80B-16F5-42F4-AA44-BE5232F91A3D}.Debug|Any CPU.Build.0 = Debug|Any CPU
		{42EAD80B-16F5-42F4-AA44-BE5232F91A3D}.Release|Any CPU.ActiveCfg = Release|Any CPU
		{42EAD80B-16F5-42F4-AA44-BE5232F91A3D}.Release|Any CPU.Build.0 = Release|Any CPU
	EndGlobalSection
	GlobalSection(SolutionProperties) = preSolution
		HideSolutionNode = FALSE
	EndGlobalSection
	GlobalSection(ExtensibilityGlobals) = postSolution
		SolutionGuid = {6E400470-F321-4961-A3BD-804030CC86C7}
	EndGlobalSection
EndGlobal
